// !$*UTF8*$!
{
	archiveVersion = 1;
	classes = {
	};
	objectVersion = 56;
	objects = {

/* Begin PBXBuildFile section */
		5A3EFD4E2B97817B0064BEBE /* HackerNewsApp.swift in Sources */ = {isa = PBXBuildFile; fileRef = 5A3EFD4D2B97817B0064BEBE /* HackerNewsApp.swift */; };
		5A3EFD502B97817B0064BEBE /* ContentView.swift in Sources */ = {isa = PBXBuildFile; fileRef = 5A3EFD4F2B97817B0064BEBE /* ContentView.swift */; };
		5A3EFD522B97817D0064BEBE /* Assets.xcassets in Resources */ = {isa = PBXBuildFile; fileRef = 5A3EFD512B97817D0064BEBE /* Assets.xcassets */; };
		5A3EFD552B97817D0064BEBE /* Preview Assets.xcassets in Resources */ = {isa = PBXBuildFile; fileRef = 5A3EFD542B97817D0064BEBE /* Preview Assets.xcassets */; };
		5A3EFD5F2B97817E0064BEBE /* HackerNewsTests.swift in Sources */ = {isa = PBXBuildFile; fileRef = 5A3EFD5E2B97817E0064BEBE /* HackerNewsTests.swift */; };
		5A3EFD692B97817E0064BEBE /* HackerNewsUITests.swift in Sources */ = {isa = PBXBuildFile; fileRef = 5A3EFD682B97817E0064BEBE /* HackerNewsUITests.swift */; };
		5A3EFD6B2B97817E0064BEBE /* HackerNewsUITestsLaunchTests.swift in Sources */ = {isa = PBXBuildFile; fileRef = 5A3EFD6A2B97817E0064BEBE /* HackerNewsUITestsLaunchTests.swift */; };
		5A3EFD7B2B97845F0064BEBE /* NetworkManger.swift in Sources */ = {isa = PBXBuildFile; fileRef = 5A3EFD7A2B97845F0064BEBE /* NetworkManger.swift */; };
		5A3EFD7D2B978ACA0064BEBE /* PostData.swift in Sources */ = {isa = PBXBuildFile; fileRef = 5A3EFD7C2B978ACA0064BEBE /* PostData.swift */; };
		5A3EFD802B9793970064BEBE /* DetailView.swift in Sources */ = {isa = PBXBuildFile; fileRef = 5A3EFD7F2B9793970064BEBE /* DetailView.swift */; };
		5A3FC56D2B986B7000208511 /* WebKitView.swift in Sources */ = {isa = PBXBuildFile; fileRef = 5A3FC56C2B986B7000208511 /* WebKitView.swift */; };
/* End PBXBuildFile section */

/* Begin PBXContainerItemProxy section */
		5A3EFD5B2B97817E0064BEBE /* PBXContainerItemProxy */ = {
			isa = PBXContainerItemProxy;
			containerPortal = 5A3EFD422B97817B0064BEBE /* Project object */;
			proxyType = 1;
			remoteGlobalIDString = 5A3EFD492B97817B0064BEBE;
			remoteInfo = HackerNews;
		};
		5A3EFD652B97817E0064BEBE /* PBXContainerItemProxy */ = {
			isa = PBXContainerItemProxy;
			containerPortal = 5A3EFD422B97817B0064BEBE /* Project object */;
			proxyType = 1;
			remoteGlobalIDString = 5A3EFD492B97817B0064BEBE;
			remoteInfo = HackerNews;
		};
/* End PBXContainerItemProxy section */

/* Begin PBXFileReference section */
		5A3EFD4A2B97817B0064BEBE /* HackerNews.app */ = {isa = PBXFileReference; explicitFileType = wrapper.application; includeInIndex = 0; path = HackerNews.app; sourceTree = BUILT_PRODUCTS_DIR; };
		5A3EFD4D2B97817B0064BEBE /* HackerNewsApp.swift */ = {isa = PBXFileReference; lastKnownFileType = sourcecode.swift; path = HackerNewsApp.swift; sourceTree = "<group>"; };
		5A3EFD4F2B97817B0064BEBE /* ContentView.swift */ = {isa = PBXFileReference; lastKnownFileType = sourcecode.swift; path = ContentView.swift; sourceTree = "<group>"; };
		5A3EFD512B97817D0064BEBE /* Assets.xcassets */ = {isa = PBXFileReference; lastKnownFileType = folder.assetcatalog; path = Assets.xcassets; sourceTree = "<group>"; };
		5A3EFD542B97817D0064BEBE /* Preview Assets.xcassets */ = {isa = PBXFileReference; lastKnownFileType = folder.assetcatalog; path = "Preview Assets.xcassets"; sourceTree = "<group>"; };
		5A3EFD5A2B97817E0064BEBE /* HackerNewsTests.xctest */ = {isa = PBXFileReference; explicitFileType = wrapper.cfbundle; includeInIndex = 0; path = HackerNewsTests.xctest; sourceTree = BUILT_PRODUCTS_DIR; };
		5A3EFD5E2B97817E0064BEBE /* HackerNewsTests.swift */ = {isa = PBXFileReference; lastKnownFileType = sourcecode.swift; path = HackerNewsTests.swift; sourceTree = "<group>"; };
		5A3EFD642B97817E0064BEBE /* HackerNewsUITests.xctest */ = {isa = PBXFileReference; explicitFileType = wrapper.cfbundle; includeInIndex = 0; path = HackerNewsUITests.xctest; sourceTree = BUILT_PRODUCTS_DIR; };
		5A3EFD682B97817E0064BEBE /* HackerNewsUITests.swift */ = {isa = PBXFileReference; lastKnownFileType = sourcecode.swift; path = HackerNewsUITests.swift; sourceTree = "<group>"; };
		5A3EFD6A2B97817E0064BEBE /* HackerNewsUITestsLaunchTests.swift */ = {isa = PBXFileReference; lastKnownFileType = sourcecode.swift; path = HackerNewsUITestsLaunchTests.swift; sourceTree = "<group>"; };
		5A3EFD7A2B97845F0064BEBE /* NetworkManger.swift */ = {isa = PBXFileReference; lastKnownFileType = sourcecode.swift; path = NetworkManger.swift; sourceTree = "<group>"; };
		5A3EFD7C2B978ACA0064BEBE /* PostData.swift */ = {isa = PBXFileReference; lastKnownFileType = sourcecode.swift; path = PostData.swift; sourceTree = "<group>"; };
		5A3EFD7F2B9793970064BEBE /* DetailView.swift */ = {isa = PBXFileReference; lastKnownFileType = sourcecode.swift; path = DetailView.swift; sourceTree = "<group>"; };
		5A3FC56C2B986B7000208511 /* WebKitView.swift */ = {isa = PBXFileReference; lastKnownFileType = sourcecode.swift; path = WebKitView.swift; sourceTree = "<group>"; };
/* End PBXFileReference section */

/* Begin PBXFrameworksBuildPhase section */
		5A3EFD472B97817B0064BEBE /* Frameworks */ = {
			isa = PBXFrameworksBuildPhase;
			buildActionMask = 2147483647;
			files = (
			);
			runOnlyForDeploymentPostprocessing = 0;
		};
		5A3EFD572B97817E0064BEBE /* Frameworks */ = {
			isa = PBXFrameworksBuildPhase;
			buildActionMask = 2147483647;
			files = (
			);
			runOnlyForDeploymentPostprocessing = 0;
		};
		5A3EFD612B97817E0064BEBE /* Frameworks */ = {
			isa = PBXFrameworksBuildPhase;
			buildActionMask = 2147483647;
			files = (
			);
			runOnlyForDeploymentPostprocessing = 0;
		};
/* End PBXFrameworksBuildPhase section */

/* Begin PBXGroup section */
		5A3EFD412B97817B0064BEBE = {
			isa = PBXGroup;
			children = (
				5A3EFD4C2B97817B0064BEBE /* HackerNews */,
				5A3EFD5D2B97817E0064BEBE /* HackerNewsTests */,
				5A3EFD672B97817E0064BEBE /* HackerNewsUITests */,
				5A3EFD4B2B97817B0064BEBE /* Products */,
			);
			sourceTree = "<group>";
		};
		5A3EFD4B2B97817B0064BEBE /* Products */ = {
			isa = PBXGroup;
			children = (
				5A3EFD4A2B97817B0064BEBE /* HackerNews.app */,
				5A3EFD5A2B97817E0064BEBE /* HackerNewsTests.xctest */,
				5A3EFD642B97817E0064BEBE /* HackerNewsUITests.xctest */,
			);
			name = Products;
			sourceTree = "<group>";
		};
		5A3EFD4C2B97817B0064BEBE /* HackerNews */ = {
			isa = PBXGroup;
			children = (
				5A3EFD4D2B97817B0064BEBE /* HackerNewsApp.swift */,
				5A3EFD4F2B97817B0064BEBE /* ContentView.swift */,
				5A3EFD7E2B9793840064BEBE /* Views */,
				5A3EFD792B97844B0064BEBE /* Models */,
				5A3EFD512B97817D0064BEBE /* Assets.xcassets */,
				5A3EFD532B97817D0064BEBE /* Preview Content */,
			);
			path = HackerNews;
			sourceTree = "<group>";
		};
		5A3EFD532B97817D0064BEBE /* Preview Content */ = {
			isa = PBXGroup;
			children = (
				5A3EFD542B97817D0064BEBE /* Preview Assets.xcassets */,
			);
			path = "Preview Content";
			sourceTree = "<group>";
		};
		5A3EFD5D2B97817E0064BEBE /* HackerNewsTests */ = {
			isa = PBXGroup;
			children = (
				5A3EFD5E2B97817E0064BEBE /* HackerNewsTests.swift */,
			);
			path = HackerNewsTests;
			sourceTree = "<group>";
		};
		5A3EFD672B97817E0064BEBE /* HackerNewsUITests */ = {
			isa = PBXGroup;
			children = (
				5A3EFD682B97817E0064BEBE /* HackerNewsUITests.swift */,
				5A3EFD6A2B97817E0064BEBE /* HackerNewsUITestsLaunchTests.swift */,
			);
			path = HackerNewsUITests;
			sourceTree = "<group>";
		};
		5A3EFD792B97844B0064BEBE /* Models */ = {
			isa = PBXGroup;
			children = (
				5A3EFD7A2B97845F0064BEBE /* NetworkManger.swift */,
				5A3EFD7C2B978ACA0064BEBE /* PostData.swift */,
			);
			path = Models;
			sourceTree = "<group>";
		};
		5A3EFD7E2B9793840064BEBE /* Views */ = {
			isa = PBXGroup;
			children = (
				5A3EFD7F2B9793970064BEBE /* DetailView.swift */,
				5A3FC56C2B986B7000208511 /* WebKitView.swift */,
			);
			path = Views;
			sourceTree = "<group>";
		};
/* End PBXGroup section */

/* Begin PBXNativeTarget section */
		5A3EFD492B97817B0064BEBE /* HackerNews */ = {
			isa = PBXNativeTarget;
			buildConfigurationList = 5A3EFD6E2B97817E0064BEBE /* Build configuration list for PBXNativeTarget "HackerNews" */;
			buildPhases = (
				5A3EFD462B97817B0064BEBE /* Sources */,
				5A3EFD472B97817B0064BEBE /* Frameworks */,
				5A3EFD482B97817B0064BEBE /* Resources */,
			);
			buildRules = (
			);
			dependencies = (
			);
			name = HackerNews;
			productName = HackerNews;
			productReference = 5A3EFD4A2B97817B0064BEBE /* HackerNews.app */;
			productType = "com.apple.product-type.application";
		};
		5A3EFD592B97817E0064BEBE /* HackerNewsTests */ = {
			isa = PBXNativeTarget;
			buildConfigurationList = 5A3EFD712B97817E0064BEBE /* Build configuration list for PBXNativeTarget "HackerNewsTests" */;
			buildPhases = (
				5A3EFD562B97817E0064BEBE /* Sources */,
				5A3EFD572B97817E0064BEBE /* Frameworks */,
				5A3EFD582B97817E0064BEBE /* Resources */,
			);
			buildRules = (
			);
			dependencies = (
				5A3EFD5C2B97817E0064BEBE /* PBXTargetDependency */,
			);
			name = HackerNewsTests;
			productName = HackerNewsTests;
			productReference = 5A3EFD5A2B97817E0064BEBE /* HackerNewsTests.xctest */;
			productType = "com.apple.product-type.bundle.unit-test";
		};
		5A3EFD632B97817E0064BEBE /* HackerNewsUITests */ = {
			isa = PBXNativeTarget;
			buildConfigurationList = 5A3EFD742B97817E0064BEBE /* Build configuration list for PBXNativeTarget "HackerNewsUITests" */;
			buildPhases = (
				5A3EFD602B97817E0064BEBE /* Sources */,
				5A3EFD612B97817E0064BEBE /* Frameworks */,
				5A3EFD622B97817E0064BEBE /* Resources */,
			);
			buildRules = (
			);
			dependencies = (
				5A3EFD662B97817E0064BEBE /* PBXTargetDependency */,
			);
			name = HackerNewsUITests;
			productName = HackerNewsUITests;
			productReference = 5A3EFD642B97817E0064BEBE /* HackerNewsUITests.xctest */;
			productType = "com.apple.product-type.bundle.ui-testing";
		};
/* End PBXNativeTarget section */

/* Begin PBXProject section */
		5A3EFD422B97817B0064BEBE /* Project object */ = {
			isa = PBXProject;
			attributes = {
				BuildIndependentTargetsInParallel = 1;
				LastSwiftUpdateCheck = 1520;
				LastUpgradeCheck = 1520;
				TargetAttributes = {
					5A3EFD492B97817B0064BEBE = {
						CreatedOnToolsVersion = 15.2;
					};
					5A3EFD592B97817E0064BEBE = {
						CreatedOnToolsVersion = 15.2;
						TestTargetID = 5A3EFD492B97817B0064BEBE;
					};
					5A3EFD632B97817E0064BEBE = {
						CreatedOnToolsVersion = 15.2;
						TestTargetID = 5A3EFD492B97817B0064BEBE;
					};
				};
			};
			buildConfigurationList = 5A3EFD452B97817B0064BEBE /* Build configuration list for PBXProject "HackerNews" */;
			compatibilityVersion = "Xcode 14.0";
			developmentRegion = en;
			hasScannedForEncodings = 0;
			knownRegions = (
				en,
				Base,
			);
			mainGroup = 5A3EFD412B97817B0064BEBE;
			productRefGroup = 5A3EFD4B2B97817B0064BEBE /* Products */;
			projectDirPath = "";
			projectRoot = "";
			targets = (
				5A3EFD492B97817B0064BEBE /* HackerNews */,
				5A3EFD592B97817E0064BEBE /* HackerNewsTests */,
				5A3EFD632B97817E0064BEBE /* HackerNewsUITests */,
			);
		};
/* End PBXProject section */

/* Begin PBXResourcesBuildPhase section */
		5A3EFD482B97817B0064BEBE /* Resources */ = {
			isa = PBXResourcesBuildPhase;
			buildActionMask = 2147483647;
			files = (
				5A3EFD552B97817D0064BEBE /* Preview Assets.xcassets in Resources */,
				5A3EFD522B97817D0064BEBE /* Assets.xcassets in Resources */,
			);
			runOnlyForDeploymentPostprocessing = 0;
		};
		5A3EFD582B97817E0064BEBE /* Resources */ = {
			isa = PBXResourcesBuildPhase;
			buildActionMask = 2147483647;
			files = (
			);
			runOnlyForDeploymentPostprocessing = 0;
		};
		5A3EFD622B97817E0064BEBE /* Resources */ = {
			isa = PBXResourcesBuildPhase;
			buildActionMask = 2147483647;
			files = (
			);
			runOnlyForDeploymentPostprocessing = 0;
		};
/* End PBXResourcesBuildPhase section */

/* Begin PBXSourcesBuildPhase section */
		5A3EFD462B97817B0064BEBE /* Sources */ = {
			isa = PBXSourcesBuildPhase;
			buildActionMask = 2147483647;
			files = (
				5A3EFD7D2B978ACA0064BEBE /* PostData.swift in Sources */,
				5A3EFD502B97817B0064BEBE /* ContentView.swift in Sources */,
				5A3FC56D2B986B7000208511 /* WebKitView.swift in Sources */,
				5A3EFD7B2B97845F0064BEBE /* NetworkManger.swift in Sources */,
				5A3EFD802B9793970064BEBE /* DetailView.swift in Sources */,
				5A3EFD4E2B97817B0064BEBE /* HackerNewsApp.swift in Sources */,
			);
			runOnlyForDeploymentPostprocessing = 0;
		};
		5A3EFD562B97817E0064BEBE /* Sources */ = {
			isa = PBXSourcesBuildPhase;
			buildActionMask = 2147483647;
			files = (
				5A3EFD5F2B97817E0064BEBE /* HackerNewsTests.swift in Sources */,
			);
			runOnlyForDeploymentPostprocessing = 0;
		};
		5A3EFD602B97817E0064BEBE /* Sources */ = {
			isa = PBXSourcesBuildPhase;
			buildActionMask = 2147483647;
			files = (
				5A3EFD692B97817E0064BEBE /* HackerNewsUITests.swift in Sources */,
				5A3EFD6B2B97817E0064BEBE /* HackerNewsUITestsLaunchTests.swift in Sources */,
			);
			runOnlyForDeploymentPostprocessing = 0;
		};
/* End PBXSourcesBuildPhase section */

/* Begin PBXTargetDependency section */
		5A3EFD5C2B97817E0064BEBE /* PBXTargetDependency */ = {
			isa = PBXTargetDependency;
			target = 5A3EFD492B97817B0064BEBE /* HackerNews */;
			targetProxy = 5A3EFD5B2B97817E0064BEBE /* PBXContainerItemProxy */;
		};
		5A3EFD662B97817E0064BEBE /* PBXTargetDependency */ = {
			isa = PBXTargetDependency;
			target = 5A3EFD492B97817B0064BEBE /* HackerNews */;
			targetProxy = 5A3EFD652B97817E0064BEBE /* PBXContainerItemProxy */;
		};
/* End PBXTargetDependency section */

/* Begin XCBuildConfiguration section */
		5A3EFD6C2B97817E0064BEBE /* Debug */ = {
			isa = XCBuildConfiguration;
			buildSettings = {
				ALWAYS_SEARCH_USER_PATHS = NO;
				ASSETCATALOG_COMPILER_GENERATE_SWIFT_ASSET_SYMBOL_EXTENSIONS = YES;
				CLANG_ANALYZER_NONNULL = YES;
				CLANG_ANALYZER_NUMBER_OBJECT_CONVERSION = YES_AGGRESSIVE;
				CLANG_CXX_LANGUAGE_STANDARD = "gnu++20";
				CLANG_ENABLE_MODULES = YES;
				CLANG_ENABLE_OBJC_ARC = YES;
				CLANG_ENABLE_OBJC_WEAK = YES;
				CLANG_WARN_BLOCK_CAPTURE_AUTORELEASING = YES;
				CLANG_WARN_BOOL_CONVERSION = YES;
				CLANG_WARN_COMMA = YES;
				CLANG_WARN_CONSTANT_CONVERSION = YES;
				CLANG_WARN_DEPRECATED_OBJC_IMPLEMENTATIONS = YES;
				CLANG_WARN_DIRECT_OBJC_ISA_USAGE = YES_ERROR;
				CLANG_WARN_DOCUMENTATION_COMMENTS = YES;
				CLANG_WARN_EMPTY_BODY = YES;
				CLANG_WARN_ENUM_CONVERSION = YES;
				CLANG_WARN_INFINITE_RECURSION = YES;
				CLANG_WARN_INT_CONVERSION = YES;
				CLANG_WARN_NON_LITERAL_NULL_CONVERSION = YES;
				CLANG_WARN_OBJC_IMPLICIT_RETAIN_SELF = YES;
				CLANG_WARN_OBJC_LITERAL_CONVERSION = YES;
				CLANG_WARN_OBJC_ROOT_CLASS = YES_ERROR;
				CLANG_WARN_QUOTED_INCLUDE_IN_FRAMEWORK_HEADER = YES;
				CLANG_WARN_RANGE_LOOP_ANALYSIS = YES;
				CLANG_WARN_STRICT_PROTOTYPES = YES;
				CLANG_WARN_SUSPICIOUS_MOVE = YES;
				CLANG_WARN_UNGUARDED_AVAILABILITY = YES_AGGRESSIVE;
				CLANG_WARN_UNREACHABLE_CODE = YES;
				CLANG_WARN__DUPLICATE_METHOD_MATCH = YES;
				COPY_PHASE_STRIP = NO;
				DEBUG_INFORMATION_FORMAT = dwarf;
				ENABLE_STRICT_OBJC_MSGSEND = YES;
				ENABLE_TESTABILITY = YES;
				ENABLE_USER_SCRIPT_SANDBOXING = YES;
				GCC_C_LANGUAGE_STANDARD = gnu17;
				GCC_DYNAMIC_NO_PIC = NO;
				GCC_NO_COMMON_BLOCKS = YES;
				GCC_OPTIMIZATION_LEVEL = 0;
				GCC_PREPROCESSOR_DEFINITIONS = (
					"DEBUG=1",
					"$(inherited)",
				);
				GCC_WARN_64_TO_32_BIT_CONVERSION = YES;
				GCC_WARN_ABOUT_RETURN_TYPE = YES_ERROR;
				GCC_WARN_UNDECLARED_SELECTOR = YES;
				GCC_WARN_UNINITIALIZED_AUTOS = YES_AGGRESSIVE;
				GCC_WARN_UNUSED_FUNCTION = YES;
				GCC_WARN_UNUSED_VARIABLE = YES;
				IPHONEOS_DEPLOYMENT_TARGET = 17.2;
				LOCALIZATION_PREFERS_STRING_CATALOGS = YES;
				MTL_ENABLE_DEBUG_INFO = INCLUDE_SOURCE;
				MTL_FAST_MATH = YES;
				ONLY_ACTIVE_ARCH = YES;
				SDKROOT = iphoneos;
				SWIFT_ACTIVE_COMPILATION_CONDITIONS = "DEBUG $(inherited)";
				SWIFT_OPTIMIZATION_LEVEL = "-Onone";
			};
			name = Debug;
		};
		5A3EFD6D2B97817E0064BEBE /* Release */ = {
			isa = XCBuildConfiguration;
			buildSettings = {
				ALWAYS_SEARCH_USER_PATHS = NO;
				ASSETCATALOG_COMPILER_GENERATE_SWIFT_ASSET_SYMBOL_EXTENSIONS = YES;
				CLANG_ANALYZER_NONNULL = YES;
				CLANG_ANALYZER_NUMBER_OBJECT_CONVERSION = YES_AGGRESSIVE;
				CLANG_CXX_LANGUAGE_STANDARD = "gnu++20";
				CLANG_ENABLE_MODULES = YES;
				CLANG_ENABLE_OBJC_ARC = YES;
				CLANG_ENABLE_OBJC_WEAK = YES;
				CLANG_WARN_BLOCK_CAPTURE_AUTORELEASING = YES;
				CLANG_WARN_BOOL_CONVERSION = YES;
				CLANG_WARN_COMMA = YES;
				CLANG_WARN_CONSTANT_CONVERSION = YES;
				CLANG_WARN_DEPRECATED_OBJC_IMPLEMENTATIONS = YES;
				CLANG_WARN_DIRECT_OBJC_ISA_USAGE = YES_ERROR;
				CLANG_WARN_DOCUMENTATION_COMMENTS = YES;
				CLANG_WARN_EMPTY_BODY = YES;
				CLANG_WARN_ENUM_CONVERSION = YES;
				CLANG_WARN_INFINITE_RECURSION = YES;
				CLANG_WARN_INT_CONVERSION = YES;
				CLANG_WARN_NON_LITERAL_NULL_CONVERSION = YES;
				CLANG_WARN_OBJC_IMPLICIT_RETAIN_SELF = YES;
				CLANG_WARN_OBJC_LITERAL_CONVERSION = YES;
				CLANG_WARN_OBJC_ROOT_CLASS = YES_ERROR;
				CLANG_WARN_QUOTED_INCLUDE_IN_FRAMEWORK_HEADER = YES;
				CLANG_WARN_RANGE_LOOP_ANALYSIS = YES;
				CLANG_WARN_STRICT_PROTOTYPES = YES;
				CLANG_WARN_SUSPICIOUS_MOVE = YES;
				CLANG_WARN_UNGUARDED_AVAILABILITY = YES_AGGRESSIVE;
				CLANG_WARN_UNREACHABLE_CODE = YES;
				CLANG_WARN__DUPLICATE_METHOD_MATCH = YES;
				COPY_PHASE_STRIP = NO;
				DEBUG_INFORMATION_FORMAT = "dwarf-with-dsym";
				ENABLE_NS_ASSERTIONS = NO;
				ENABLE_STRICT_OBJC_MSGSEND = YES;
				ENABLE_USER_SCRIPT_SANDBOXING = YES;
				GCC_C_LANGUAGE_STANDARD = gnu17;
				GCC_NO_COMMON_BLOCKS = YES;
				GCC_WARN_64_TO_32_BIT_CONVERSION = YES;
				GCC_WARN_ABOUT_RETURN_TYPE = YES_ERROR;
				GCC_WARN_UNDECLARED_SELECTOR = YES;
				GCC_WARN_UNINITIALIZED_AUTOS = YES_AGGRESSIVE;
				GCC_WARN_UNUSED_FUNCTION = YES;
				GCC_WARN_UNUSED_VARIABLE = YES;
				IPHONEOS_DEPLOYMENT_TARGET = 17.2;
				LOCALIZATION_PREFERS_STRING_CATALOGS = YES;
				MTL_ENABLE_DEBUG_INFO = NO;
				MTL_FAST_MATH = YES;
				SDKROOT = iphoneos;
				SWIFT_COMPILATION_MODE = wholemodule;
				VALIDATE_PRODUCT = YES;
			};
			name = Release;
		};
		5A3EFD6F2B97817E0064BEBE /* Debug */ = {
			isa = XCBuildConfiguration;
			buildSettings = {
				ASSETCATALOG_COMPILER_APPICON_NAME = AppIcon;
				ASSETCATALOG_COMPILER_GLOBAL_ACCENT_COLOR_NAME = AccentColor;
				CODE_SIGN_STYLE = Automatic;
				CURRENT_PROJECT_VERSION = 1;
				DEVELOPMENT_ASSET_PATHS = "\"HackerNews/Preview Content\"";
				ENABLE_PREVIEWS = YES;
				GENERATE_INFOPLIST_FILE = YES;
				INFOPLIST_KEY_UIApplicationSceneManifest_Generation = YES;
				INFOPLIST_KEY_UIApplicationSupportsIndirectInputEvents = YES;
				INFOPLIST_KEY_UILaunchScreen_Generation = YES;
				INFOPLIST_KEY_UISupportedInterfaceOrientations_iPad = "UIInterfaceOrientationPortrait UIInterfaceOrientationPortraitUpsideDown UIInterfaceOrientationLandscapeLeft UIInterfaceOrientationLandscapeRight";
				INFOPLIST_KEY_UISupportedInterfaceOrientations_iPhone = "UIInterfaceOrientationPortrait UIInterfaceOrientationLandscapeLeft UIInterfaceOrientationLandscapeRight";
				LD_RUNPATH_SEARCH_PATHS = (
					"$(inherited)",
					"@executable_path/Frameworks",
				);
				MARKETING_VERSION = 1.0;
				PRODUCT_BUNDLE_IDENTIFIER = d.company.HackerNews;
				PRODUCT_NAME = "$(TARGET_NAME)";
				SWIFT_EMIT_LOC_STRINGS = YES;
				SWIFT_VERSION = 5.0;
				TARGETED_DEVICE_FAMILY = "1,2";
			};
			name = Debug;
		};
		5A3EFD702B97817E0064BEBE /* Release */ = {
			isa = XCBuildConfiguration;
			buildSettings = {
				ASSETCATALOG_COMPILER_APPICON_NAME = AppIcon;
				ASSETCATALOG_COMPILER_GLOBAL_ACCENT_COLOR_NAME = AccentColor;
				CODE_SIGN_STYLE = Automatic;
				CURRENT_PROJECT_VERSION = 1;
				DEVELOPMENT_ASSET_PATHS = "\"HackerNews/Preview Content\"";
				ENABLE_PREVIEWS = YES;
				GENERATE_INFOPLIST_FILE = YES;
				INFOPLIST_KEY_UIApplicationSceneManifest_Generation = YES;
				INFOPLIST_KEY_UIApplicationSupportsIndirectInputEvents = YES;
				INFOPLIST_KEY_UILaunchScreen_Generation = YES;
				INFOPLIST_KEY_UISupportedInterfaceOrientations_iPad = "UIInterfaceOrientationPortrait UIInterfaceOrientationPortraitUpsideDown UIInterfaceOrientationLandscapeLeft UIInterfaceOrientationLandscapeRight";
				INFOPLIST_KEY_UISupportedInterfaceOrientations_iPhone = "UIInterfaceOrientationPortrait UIInterfaceOrientationLandscapeLeft UIInterfaceOrientationLandscapeRight";
				LD_RUNPATH_SEARCH_PATHS = (
					"$(inherited)",
					"@executable_path/Frameworks",
				);
				MARKETING_VERSION = 1.0;
				PRODUCT_BUNDLE_IDENTIFIER = d.company.HackerNews;
				PRODUCT_NAME = "$(TARGET_NAME)";
				SWIFT_EMIT_LOC_STRINGS = YES;
				SWIFT_VERSION = 5.0;
				TARGETED_DEVICE_FAMILY = "1,2";
			};
			name = Release;
		};
		5A3EFD722B97817E0064BEBE /* Debug */ = {
			isa = XCBuildConfiguration;
			buildSettings = {
				ALWAYS_EMBED_SWIFT_STANDARD_LIBRARIES = YES;
				BUNDLE_LOADER = "$(TEST_HOST)";
				CODE_SIGN_STYLE = Automatic;
				CURRENT_PROJECT_VERSION = 1;
				GENERATE_INFOPLIST_FILE = YES;
				IPHONEOS_DEPLOYMENT_TARGET = 17.2;
				MARKETING_VERSION = 1.0;
				PRODUCT_BUNDLE_IDENTIFIER = d.company.HackerNewsTests;
				PRODUCT_NAME = "$(TARGET_NAME)";
				SWIFT_EMIT_LOC_STRINGS = NO;
				SWIFT_VERSION = 5.0;
				TARGETED_DEVICE_FAMILY = "1,2";
				TEST_HOST = "$(BUILT_PRODUCTS_DIR)/HackerNews.app/$(BUNDLE_EXECUTABLE_FOLDER_PATH)/HackerNews";
			};
			name = Debug;
		};
		5A3EFD732B97817E0064BEBE /* Release */ = {
			isa = XCBuildConfiguration;
			buildSettings = {
				ALWAYS_EMBED_SWIFT_STANDARD_LIBRARIES = YES;
				BUNDLE_LOADER = "$(TEST_HOST)";
				CODE_SIGN_STYLE = Automatic;
				CURRENT_PROJECT_VERSION = 1;
				GENERATE_INFOPLIST_FILE = YES;
				IPHONEOS_DEPLOYMENT_TARGET = 17.2;
				MARKETING_VERSION = 1.0;
				PRODUCT_BUNDLE_IDENTIFIER = d.company.HackerNewsTests;
				PRODUCT_NAME = "$(TARGET_NAME)";
				SWIFT_EMIT_LOC_STRINGS = NO;
				SWIFT_VERSION = 5.0;
				TARGETED_DEVICE_FAMILY = "1,2";
				TEST_HOST = "$(BUILT_PRODUCTS_DIR)/HackerNews.app/$(BUNDLE_EXECUTABLE_FOLDER_PATH)/HackerNews";
			};
			name = Release;
		};
		5A3EFD752B97817E0064BEBE /* Debug */ = {
			isa = XCBuildConfiguration;
			buildSettings = {
				ALWAYS_EMBED_SWIFT_STANDARD_LIBRARIES = YES;
				CODE_SIGN_STYLE = Automatic;
				CURRENT_PROJECT_VERSION = 1;
				GENERATE_INFOPLIST_FILE = YES;
				MARKETING_VERSION = 1.0;
				PRODUCT_BUNDLE_IDENTIFIER = d.company.HackerNewsUITests;
				PRODUCT_NAME = "$(TARGET_NAME)";
				SWIFT_EMIT_LOC_STRINGS = NO;
				SWIFT_VERSION = 5.0;
				TARGETED_DEVICE_FAMILY = "1,2";
				TEST_TARGET_NAME = HackerNews;
			};
			name = Debug;
		};
		5A3EFD762B97817E0064BEBE /* Release */ = {
			isa = XCBuildConfiguration;
			buildSettings = {
				ALWAYS_EMBED_SWIFT_STANDARD_LIBRARIES = YES;
				CODE_SIGN_STYLE = Automatic;
				CURRENT_PROJECT_VERSION = 1;
				GENERATE_INFOPLIST_FILE = YES;
				MARKETING_VERSION = 1.0;
				PRODUCT_BUNDLE_IDENTIFIER = d.company.HackerNewsUITests;
				PRODUCT_NAME = "$(TARGET_NAME)";
				SWIFT_EMIT_LOC_STRINGS = NO;
				SWIFT_VERSION = 5.0;
				TARGETED_DEVICE_FAMILY = "1,2";
				TEST_TARGET_NAME = HackerNews;
			};
			name = Release;
		};
/* End XCBuildConfiguration section */

/* Begin XCConfigurationList section */
		5A3EFD452B97817B0064BEBE /* Build configuration list for PBXProject "HackerNews" */ = {
			isa = XCConfigurationList;
			buildConfigurations = (
				5A3EFD6C2B97817E0064BEBE /* Debug */,
				5A3EFD6D2B97817E0064BEBE /* Release */,
			);
			defaultConfigurationIsVisible = 0;
			defaultConfigurationName = Release;
		};
		5A3EFD6E2B97817E0064BEBE /* Build configuration list for PBXNativeTarget "HackerNews" */ = {
			isa = XCConfigurationList;
			buildConfigurations = (
				5A3EFD6F2B97817E0064BEBE /* Debug */,
				5A3EFD702B97817E0064BEBE /* Release */,
			);
			defaultConfigurationIsVisible = 0;
			defaultConfigurationName = Release;
		};
		5A3EFD712B97817E0064BEBE /* Build configuration list for PBXNativeTarget "HackerNewsTests" */ = {
			isa = XCConfigurationList;
			buildConfigurations = (
				5A3EFD722B97817E0064BEBE /* Debug */,
				5A3EFD732B97817E0064BEBE /* Release */,
			);
			defaultConfigurationIsVisible = 0;
			defaultConfigurationName = Release;
		};
		5A3EFD742B97817E0064BEBE /* Build configuration list for PBXNativeTarget "HackerNewsUITests" */ = {
			isa = XCConfigurationList;
			buildConfigurations = (
				5A3EFD752B97817E0064BEBE /* Debug */,
				5A3EFD762B97817E0064BEBE /* Release */,
			);
			defaultConfigurationIsVisible = 0;
			defaultConfigurationName = Release;
		};
/* End XCConfigurationList section */
	};
	rootObject = 5A3EFD422B97817B0064BEBE /* Project object */;
}
